
Microsoft Visual Studio Solution File, Format Version 12.00
# Visual Studio Version 16
VisualStudioVersion = 16.0.31019.35
MinimumVisualStudioVersion = 10.0.40219.1
Project("{FAE04EC0-301F-11D3-BF4B-00C04F79EFBC}") = "M7_Yatch", "M7_Yatch\M7_Yatch.csproj", "{04012678-8811-48C3-BD1D-D9EA71716AE6}"
EndProject
Project("{2150E333-8FDC-42A3-9474-1A3956D46DE8}") = "Notas", "Notas", "{DAF6B283-A6B2-4E7F-8A67-38BD921646AD}"
	ProjectSection(SolutionItems) = preProject
		FlowDocumentTableCsharp.txt = FlowDocumentTableCsharp.txt
		Notas.txt = Notas.txt
	EndProjectSection
EndProject
Project("{FAE04EC0-301F-11D3-BF4B-00C04F79EFBC}") = "test", "test\test.csproj", "{866F103F-C8E3-459B-A90F-6ADBD19F8ABD}"
EndProject
Global
	GlobalSection(SolutionConfigurationPlatforms) = preSolution
		Debug|Any CPU = Debug|Any CPU
		Release|Any CPU = Release|Any CPU
	EndGlobalSection
	GlobalSection(ProjectConfigurationPlatforms) = postSolution
		{04012678-8811-48C3-BD1D-D9EA71716AE6}.Debug|Any CPU.ActiveCfg = Debug|Any CPU
		{04012678-8811-48C3-BD1D-D9EA71716AE6}.Debug|Any CPU.Build.0 = Debug|Any CPU
		{04012678-8811-48C3-BD1D-D9EA71716AE6}.Release|Any CPU.ActiveCfg = Release|Any CPU
		{04012678-8811-48C3-BD1D-D9EA71716AE6}.Release|Any CPU.Build.0 = Release|Any CPU
		{866F103F-C8E3-459B-A90F-6ADBD19F8ABD}.Debug|Any CPU.ActiveCfg = Debug|Any CPU
		{866F103F-C8E3-459B-A90F-6ADBD19F8ABD}.Debug|Any CPU.Build.0 = Debug|Any CPU
		{866F103F-C8E3-459B-A90F-6ADBD19F8ABD}.Release|Any CPU.ActiveCfg = Release|Any CPU
		{866F103F-C8E3-459B-A90F-6ADBD19F8ABD}.Release|Any CPU.Build.0 = Release|Any CPU
	EndGlobalSection
	GlobalSection(SolutionProperties) = preSolution
		HideSolutionNode = FALSE
	EndGlobalSection
	GlobalSection(ExtensibilityGlobals) = postSolution
		SolutionGuid = {8999B686-2F91-4554-BE19-D60196B62971}
	EndGlobalSection
EndGlobal
